lockfileVersion: 5.4

specifiers:
  arcsecond: ^5.0.0
  husky: ^8.0.3
  prettier: ^3.0.0

dependencies:
  arcsecond: 5.0.0

devDependencies:
  husky: 8.0.3
  prettier: 3.0.0

packages:

  /arcsecond/5.0.0:
    resolution: {integrity: sha512-J/fHdyadnsIencRsM6oUSsraCKG+Ni9Udcgr/eusxjTzX3SEQtCUQSpP0YtImFPfIK6DdT1nqwN0ng4FqNmwgA==}
    dev: false

  /husky/8.0.3:
    resolution: {integrity: sha512-+dQSyqPh4x1hlO1swXBiNb2HzTDN1I2IGLQx1GrBuiqFJfoMrnZWwVmatvSiO+Iz8fBUnf+lekwNo4c2LlXItg==}
    engines: {node: '>=14'}
    hasBin: true
    dev: true

  /prettier/3.0.0:
    resolution: {integrity: sha512-zBf5eHpwHOGPC47h0zrPyNn+eAEIdEzfywMoYn2XPi0P44Zp0tSq64rq0xAREh4auw2cJZHo9QUob+NqCQky4g==}
    engines: {node: '>=14'}
    hasBin: true
    dev: true
